
Microsoft Visual Studio Solution File, Format Version 12.00
# Visual Studio 15
VisualStudioVersion = 15.0.27703.2047
MinimumVisualStudioVersion = 10.0.40219.1
Project("{FAE04EC0-301F-11D3-BF4B-00C04F79EFBC}") = "DesafioAPIStone", "DesafioAPIStone\DesafioAPIStone.csproj", "{CFBBCB32-60CD-482C-8FCC-77F75B9656D0}"
EndProject
Project("{FAE04EC0-301F-11D3-BF4B-00C04F79EFBC}") = "Models", "Models\Models.csproj", "{F6FFD40F-56D3-4850-9576-90F03790FCBB}"
EndProject
Global
	GlobalSection(SolutionConfigurationPlatforms) = preSolution
		Debug|Any CPU = Debug|Any CPU
		Release|Any CPU = Release|Any CPU
	EndGlobalSection
	GlobalSection(ProjectConfigurationPlatforms) = postSolution
		{CFBBCB32-60CD-482C-8FCC-77F75B9656D0}.Debug|Any CPU.ActiveCfg = Debug|Any CPU
		{CFBBCB32-60CD-482C-8FCC-77F75B9656D0}.Debug|Any CPU.Build.0 = Debug|Any CPU
		{CFBBCB32-60CD-482C-8FCC-77F75B9656D0}.Release|Any CPU.ActiveCfg = Release|Any CPU
		{CFBBCB32-60CD-482C-8FCC-77F75B9656D0}.Release|Any CPU.Build.0 = Release|Any CPU
		{F6FFD40F-56D3-4850-9576-90F03790FCBB}.Debug|Any CPU.ActiveCfg = Debug|Any CPU
		{F6FFD40F-56D3-4850-9576-90F03790FCBB}.Debug|Any CPU.Build.0 = Debug|Any CPU
		{F6FFD40F-56D3-4850-9576-90F03790FCBB}.Release|Any CPU.ActiveCfg = Release|Any CPU
		{F6FFD40F-56D3-4850-9576-90F03790FCBB}.Release|Any CPU.Build.0 = Release|Any CPU
	EndGlobalSection
	GlobalSection(SolutionProperties) = preSolution
		HideSolutionNode = FALSE
	EndGlobalSection
	GlobalSection(ExtensibilityGlobals) = postSolution
		SolutionGuid = {F318DDA8-3C5F-49D3-B0A6-E4B32AD2FB0E}
	EndGlobalSection
EndGlobal
